// !$*UTF8*$!
{
	archiveVersion = 1;
	classes = {
	};
	objectVersion = 50;
	objects = {

/* Begin PBXBuildFile section */
		B7394866229F194000C47603 /* AppDelegate.swift in Sources */ = {isa = PBXBuildFile; fileRef = B7394865229F194000C47603 /* AppDelegate.swift */; };
		B7394868229F194000C47603 /* SceneDelegate.swift in Sources */ = {isa = PBXBuildFile; fileRef = B7394867229F194000C47603 /* SceneDelegate.swift */; };
		B739486A229F194000C47603 /* LandmarkDetailOLD.swift in Sources */ = {isa = PBXBuildFile; fileRef = B7394869229F194000C47603 /* LandmarkDetailOLD.swift */; };
		B739486C229F194200C47603 /* Assets.xcassets in Resources */ = {isa = PBXBuildFile; fileRef = B739486B229F194200C47603 /* Assets.xcassets */; };
		B739486F229F194200C47603 /* Preview Assets.xcassets in Resources */ = {isa = PBXBuildFile; fileRef = B739486E229F194200C47603 /* Preview Assets.xcassets */; };
		B7394872229F194200C47603 /* LaunchScreen.storyboard in Resources */ = {isa = PBXBuildFile; fileRef = B7394870229F194200C47603 /* LaunchScreen.storyboard */; };
		B739487A229F1B3F00C47603 /* CircleImage.swift in Sources */ = {isa = PBXBuildFile; fileRef = B7394879229F1B3F00C47603 /* CircleImage.swift */; };
		B739487C229F1B6800C47603 /* MapView.swift in Sources */ = {isa = PBXBuildFile; fileRef = B739487B229F1B6800C47603 /* MapView.swift */; };
		B7394881229F28B900C47603 /* Landmark.swift in Sources */ = {isa = PBXBuildFile; fileRef = B739487F229F28B900C47603 /* Landmark.swift */; };
		B7394882229F28B900C47603 /* Data.swift in Sources */ = {isa = PBXBuildFile; fileRef = B7394880229F28B900C47603 /* Data.swift */; };
		B739489F229F2D9700C47603 /* LandmarkRow.swift in Sources */ = {isa = PBXBuildFile; fileRef = B739489E229F2D9700C47603 /* LandmarkRow.swift */; };
		B73948A1229F2E1F00C47603 /* LandmarkList.swift in Sources */ = {isa = PBXBuildFile; fileRef = B73948A0229F2E1F00C47603 /* LandmarkList.swift */; };
		B7D2AAC5229F4D7C0061E5F5 /* UserData.swift in Sources */ = {isa = PBXBuildFile; fileRef = B7D2AAC4229F4D7C0061E5F5 /* UserData.swift */; };
		CE066C282456A43600ED1C0D /* charleyrivers.jpg in Resources */ = {isa = PBXBuildFile; fileRef = CE066C1A2456A43600ED1C0D /* charleyrivers.jpg */; };
		CE066C292456A43600ED1C0D /* turtlerock.jpg in Resources */ = {isa = PBXBuildFile; fileRef = CE066C1B2456A43600ED1C0D /* turtlerock.jpg */; };
		CE066C2A2456A43600ED1C0D /* silversalmoncreek.jpg in Resources */ = {isa = PBXBuildFile; fileRef = CE066C1C2456A43600ED1C0D /* silversalmoncreek.jpg */; };
		CE066C2B2456A43600ED1C0D /* icybay.jpg in Resources */ = {isa = PBXBuildFile; fileRef = CE066C1D2456A43600ED1C0D /* icybay.jpg */; };
		CE066C2C2456A43600ED1C0D /* lakemcdonald.jpg in Resources */ = {isa = PBXBuildFile; fileRef = CE066C1E2456A43600ED1C0D /* lakemcdonald.jpg */; };
		CE066C2D2456A43600ED1C0D /* hiddenlake.jpg in Resources */ = {isa = PBXBuildFile; fileRef = CE066C1F2456A43600ED1C0D /* hiddenlake.jpg */; };
		CE066C2E2456A43600ED1C0D /* twinlake.jpg in Resources */ = {isa = PBXBuildFile; fileRef = CE066C202456A43600ED1C0D /* twinlake.jpg */; };
		CE066C2F2456A43600ED1C0D /* timeTable.pdf in Resources */ = {isa = PBXBuildFile; fileRef = CE066C212456A43600ED1C0D /* timeTable.pdf */; };
		CE066C302456A43600ED1C0D /* umbagog.jpg in Resources */ = {isa = PBXBuildFile; fileRef = CE066C222456A43600ED1C0D /* umbagog.jpg */; };
		CE066C312456A43600ED1C0D /* landmarkData.json in Resources */ = {isa = PBXBuildFile; fileRef = CE066C232456A43600ED1C0D /* landmarkData.json */; };
		CE066C322456A43600ED1C0D /* chincoteague.jpg in Resources */ = {isa = PBXBuildFile; fileRef = CE066C242456A43600ED1C0D /* chincoteague.jpg */; };
		CE066C332456A43600ED1C0D /* stmarylake.jpg in Resources */ = {isa = PBXBuildFile; fileRef = CE066C252456A43600ED1C0D /* stmarylake.jpg */; };
		CE066C342456A43600ED1C0D /* chilkoottrail.jpg in Resources */ = {isa = PBXBuildFile; fileRef = CE066C262456A43600ED1C0D /* chilkoottrail.jpg */; };
		CE066C352456A43600ED1C0D /* rainbowlake.jpg in Resources */ = {isa = PBXBuildFile; fileRef = CE066C272456A43600ED1C0D /* rainbowlake.jpg */; };
		CE066C3C2456E40D00ED1C0D /* WebView.swift in Sources */ = {isa = PBXBuildFile; fileRef = CE066C3B2456E40D00ED1C0D /* WebView.swift */; };
		CE14D3C0246D373B00CC477F /* landmarkData2.json in Resources */ = {isa = PBXBuildFile; fileRef = CE14D3BF246D373B00CC477F /* landmarkData2.json */; };
		CE4C0F4A2475555000A5ACAA /* CoreDataModel.xcdatamodeld in Sources */ = {isa = PBXBuildFile; fileRef = CE4C0F482475555000A5ACAA /* CoreDataModel.xcdatamodeld */; };
		CE537FAE24596E7B00790F8C /* uspenskiPrihod.jpg in Resources */ = {isa = PBXBuildFile; fileRef = CE537FAD24596E7B00790F8C /* uspenskiPrihod.jpg */; };
		CE537FB02463BCC000790F8C /* LandmarkDetail.swift in Sources */ = {isa = PBXBuildFile; fileRef = CE537FAF2463BCC000790F8C /* LandmarkDetail.swift */; };
		CE8E762C242B83760065DD08 /* TimetableView.swift in Sources */ = {isa = PBXBuildFile; fileRef = CE8E762B242B83760065DD08 /* TimetableView.swift */; };
		CE8E7632242CAEED0065DD08 /* PDFKitView.swift in Sources */ = {isa = PBXBuildFile; fileRef = CE8E7631242CAEED0065DD08 /* PDFKitView.swift */; };
/* End PBXBuildFile section */

/* Begin PBXFileReference section */
		6AF17FBC250C47AD4B5BC2FB /* SampleCode.xcconfig */ = {isa = PBXFileReference; lastKnownFileType = text.xcconfig; name = SampleCode.xcconfig; path = ../Configuration/SampleCode.xcconfig; sourceTree = "<group>"; };
		8016A7122042026B58FF1299 /* LICENSE.txt */ = {isa = PBXFileReference; includeInIndex = 1; lastKnownFileType = text; path = LICENSE.txt; sourceTree = "<group>"; };
		B7394862229F194000C47603 /* Landmarks.app */ = {isa = PBXFileReference; explicitFileType = wrapper.application; includeInIndex = 0; path = Landmarks.app; sourceTree = BUILT_PRODUCTS_DIR; };
		B7394865229F194000C47603 /* AppDelegate.swift */ = {isa = PBXFileReference; lastKnownFileType = sourcecode.swift; path = AppDelegate.swift; sourceTree = "<group>"; };
		B7394867229F194000C47603 /* SceneDelegate.swift */ = {isa = PBXFileReference; lastKnownFileType = sourcecode.swift; path = SceneDelegate.swift; sourceTree = "<group>"; };
		B7394869229F194000C47603 /* LandmarkDetailOLD.swift */ = {isa = PBXFileReference; lastKnownFileType = sourcecode.swift; path = LandmarkDetailOLD.swift; sourceTree = "<group>"; };
		B739486B229F194200C47603 /* Assets.xcassets */ = {isa = PBXFileReference; lastKnownFileType = folder.assetcatalog; path = Assets.xcassets; sourceTree = "<group>"; };
		B739486E229F194200C47603 /* Preview Assets.xcassets */ = {isa = PBXFileReference; lastKnownFileType = folder.assetcatalog; path = "Preview Assets.xcassets"; sourceTree = "<group>"; };
		B7394871229F194200C47603 /* Base */ = {isa = PBXFileReference; lastKnownFileType = file.storyboard; name = Base; path = Base.lproj/LaunchScreen.storyboard; sourceTree = "<group>"; };
		B7394873229F194200C47603 /* Info.plist */ = {isa = PBXFileReference; lastKnownFileType = text.plist.xml; path = Info.plist; sourceTree = "<group>"; };
		B7394879229F1B3F00C47603 /* CircleImage.swift */ = {isa = PBXFileReference; lastKnownFileType = sourcecode.swift; path = CircleImage.swift; sourceTree = "<group>"; };
		B739487B229F1B6800C47603 /* MapView.swift */ = {isa = PBXFileReference; lastKnownFileType = sourcecode.swift; path = MapView.swift; sourceTree = "<group>"; };
		B739487F229F28B900C47603 /* Landmark.swift */ = {isa = PBXFileReference; fileEncoding = 4; lastKnownFileType = sourcecode.swift; path = Landmark.swift; sourceTree = "<group>"; };
		B7394880229F28B900C47603 /* Data.swift */ = {isa = PBXFileReference; fileEncoding = 4; lastKnownFileType = sourcecode.swift; path = Data.swift; sourceTree = "<group>"; };
		B739489E229F2D9700C47603 /* LandmarkRow.swift */ = {isa = PBXFileReference; lastKnownFileType = sourcecode.swift; name = LandmarkRow.swift; path = "Supporting Views/LandmarkRow.swift"; sourceTree = "<group>"; };
		B73948A0229F2E1F00C47603 /* LandmarkList.swift */ = {isa = PBXFileReference; lastKnownFileType = sourcecode.swift; path = LandmarkList.swift; sourceTree = "<group>"; };
		B7D2AAC4229F4D7C0061E5F5 /* UserData.swift */ = {isa = PBXFileReference; lastKnownFileType = sourcecode.swift; path = UserData.swift; sourceTree = "<group>"; };
		C4E4AAA0C4E4035000000001 /* README.md */ = {isa = PBXFileReference; lastKnownFileType = net.daringfireball.markdown; name = README.md; path = ../README.md; sourceTree = "<group>"; };
		CE066C1A2456A43600ED1C0D /* charleyrivers.jpg */ = {isa = PBXFileReference; lastKnownFileType = image.jpeg; path = charleyrivers.jpg; sourceTree = "<group>"; };
		CE066C1B2456A43600ED1C0D /* turtlerock.jpg */ = {isa = PBXFileReference; lastKnownFileType = image.jpeg; path = turtlerock.jpg; sourceTree = "<group>"; };
		CE066C1C2456A43600ED1C0D /* silversalmoncreek.jpg */ = {isa = PBXFileReference; lastKnownFileType = image.jpeg; path = silversalmoncreek.jpg; sourceTree = "<group>"; };
		CE066C1D2456A43600ED1C0D /* icybay.jpg */ = {isa = PBXFileReference; lastKnownFileType = image.jpeg; path = icybay.jpg; sourceTree = "<group>"; };
		CE066C1E2456A43600ED1C0D /* lakemcdonald.jpg */ = {isa = PBXFileReference; lastKnownFileType = image.jpeg; path = lakemcdonald.jpg; sourceTree = "<group>"; };
		CE066C1F2456A43600ED1C0D /* hiddenlake.jpg */ = {isa = PBXFileReference; lastKnownFileType = image.jpeg; path = hiddenlake.jpg; sourceTree = "<group>"; };
		CE066C202456A43600ED1C0D /* twinlake.jpg */ = {isa = PBXFileReference; lastKnownFileType = image.jpeg; path = twinlake.jpg; sourceTree = "<group>"; };
		CE066C212456A43600ED1C0D /* timeTable.pdf */ = {isa = PBXFileReference; lastKnownFileType = image.pdf; path = timeTable.pdf; sourceTree = "<group>"; };
		CE066C222456A43600ED1C0D /* umbagog.jpg */ = {isa = PBXFileReference; lastKnownFileType = image.jpeg; path = umbagog.jpg; sourceTree = "<group>"; };
		CE066C232456A43600ED1C0D /* landmarkData.json */ = {isa = PBXFileReference; fileEncoding = 4; lastKnownFileType = text.json; path = landmarkData.json; sourceTree = "<group>"; };
		CE066C242456A43600ED1C0D /* chincoteague.jpg */ = {isa = PBXFileReference; lastKnownFileType = image.jpeg; path = chincoteague.jpg; sourceTree = "<group>"; };
		CE066C252456A43600ED1C0D /* stmarylake.jpg */ = {isa = PBXFileReference; lastKnownFileType = image.jpeg; path = stmarylake.jpg; sourceTree = "<group>"; };
		CE066C262456A43600ED1C0D /* chilkoottrail.jpg */ = {isa = PBXFileReference; lastKnownFileType = image.jpeg; path = chilkoottrail.jpg; sourceTree = "<group>"; };
		CE066C272456A43600ED1C0D /* rainbowlake.jpg */ = {isa = PBXFileReference; lastKnownFileType = image.jpeg; path = rainbowlake.jpg; sourceTree = "<group>"; };
		CE066C3B2456E40D00ED1C0D /* WebView.swift */ = {isa = PBXFileReference; lastKnownFileType = sourcecode.swift; path = WebView.swift; sourceTree = "<group>"; };
		CE14D3BF246D373B00CC477F /* landmarkData2.json */ = {isa = PBXFileReference; fileEncoding = 4; lastKnownFileType = text.json; path = landmarkData2.json; sourceTree = "<group>"; };
		CE4C0F492475555000A5ACAA /* CoreDataModel.xcdatamodel */ = {isa = PBXFileReference; lastKnownFileType = wrapper.xcdatamodel; path = CoreDataModel.xcdatamodel; sourceTree = "<group>"; };
		CE537FAD24596E7B00790F8C /* uspenskiPrihod.jpg */ = {isa = PBXFileReference; lastKnownFileType = image.jpeg; path = uspenskiPrihod.jpg; sourceTree = "<group>"; };
		CE537FAF2463BCC000790F8C /* LandmarkDetail.swift */ = {isa = PBXFileReference; lastKnownFileType = sourcecode.swift; path = LandmarkDetail.swift; sourceTree = "<group>"; };
		CE8E762B242B83760065DD08 /* TimetableView.swift */ = {isa = PBXFileReference; lastKnownFileType = sourcecode.swift; path = TimetableView.swift; sourceTree = "<group>"; };
		CE8E7631242CAEED0065DD08 /* PDFKitView.swift */ = {isa = PBXFileReference; lastKnownFileType = sourcecode.swift; path = PDFKitView.swift; sourceTree = "<group>"; };
/* End PBXFileReference section */

/* Begin PBXFrameworksBuildPhase section */
		B739485F229F194000C47603 /* Frameworks */ = {
			isa = PBXFrameworksBuildPhase;
			buildActionMask = 2147483647;
			files = (
			);
			runOnlyForDeploymentPostprocessing = 0;
		};
/* End PBXFrameworksBuildPhase section */

/* Begin PBXGroup section */
		00ABA66E85532B385D477CBF /* Configuration */ = {
			isa = PBXGroup;
			children = (
				6AF17FBC250C47AD4B5BC2FB /* SampleCode.xcconfig */,
			);
			name = Configuration;
			sourceTree = "<group>";
		};
		B7394859229F194000C47603 = {
			isa = PBXGroup;
			children = (
				C4E4AAA0C4E4035000000001 /* README.md */,
				B7394864229F194000C47603 /* Landmarks */,
				B7394863229F194000C47603 /* Products */,
				00ABA66E85532B385D477CBF /* Configuration */,
				E573155042573F7430EB4C1C /* LICENSE */,
			);
			sourceTree = "<group>";
		};
		B7394863229F194000C47603 /* Products */ = {
			isa = PBXGroup;
			children = (
				B7394862229F194000C47603 /* Landmarks.app */,
			);
			name = Products;
			sourceTree = "<group>";
		};
		B7394864229F194000C47603 /* Landmarks */ = {
			isa = PBXGroup;
			children = (
				B7394865229F194000C47603 /* AppDelegate.swift */,
				B7394867229F194000C47603 /* SceneDelegate.swift */,
				CE066C192456A43600ED1C0D /* Resources */,
				B739487E229F282200C47603 /* Models */,
				B73948A0229F2E1F00C47603 /* LandmarkList.swift */,
				B739489E229F2D9700C47603 /* LandmarkRow.swift */,
				B7394869229F194000C47603 /* LandmarkDetailOLD.swift */,
				CE537FAF2463BCC000790F8C /* LandmarkDetail.swift */,
				CE8E762B242B83760065DD08 /* TimetableView.swift */,
				CE066C3B2456E40D00ED1C0D /* WebView.swift */,
				B739487D229F1C0100C47603 /* Supporting Views */,
				B739486B229F194200C47603 /* Assets.xcassets */,
				B7394870229F194200C47603 /* LaunchScreen.storyboard */,
				B7394873229F194200C47603 /* Info.plist */,
				B739486D229F194200C47603 /* Preview Content */,
				CE4C0F482475555000A5ACAA /* CoreDataModel.xcdatamodeld */,
			);
			path = Landmarks;
			sourceTree = "<group>";
		};
		B739486D229F194200C47603 /* Preview Content */ = {
			isa = PBXGroup;
			children = (
				B739486E229F194200C47603 /* Preview Assets.xcassets */,
			);
			path = "Preview Content";
			sourceTree = "<group>";
		};
		B739487D229F1C0100C47603 /* Supporting Views */ = {
			isa = PBXGroup;
			children = (
				B7394879229F1B3F00C47603 /* CircleImage.swift */,
				B739487B229F1B6800C47603 /* MapView.swift */,
				CE8E7631242CAEED0065DD08 /* PDFKitView.swift */,
			);
			path = "Supporting Views";
			sourceTree = "<group>";
		};
		B739487E229F282200C47603 /* Models */ = {
			isa = PBXGroup;
			children = (
				B7394880229F28B900C47603 /* Data.swift */,
				B739487F229F28B900C47603 /* Landmark.swift */,
				B7D2AAC4229F4D7C0061E5F5 /* UserData.swift */,
			);
			path = Models;
			sourceTree = "<group>";
		};
		CE066C192456A43600ED1C0D /* Resources */ = {
			isa = PBXGroup;
			children = (
				CE537FAD24596E7B00790F8C /* uspenskiPrihod.jpg */,
				CE14D3BF246D373B00CC477F /* landmarkData2.json */,
				CE066C232456A43600ED1C0D /* landmarkData.json */,
				CE066C382456A81000ED1C0D /* oldFoto */,
			);
			name = Resources;
			path = "../../../../../Desktop/HandlingUserInput-1/Complete/Landmarks/Landmarks/Resources";
			sourceTree = "<group>";
		};
		CE066C382456A81000ED1C0D /* oldFoto */ = {
			isa = PBXGroup;
			children = (
				CE066C1A2456A43600ED1C0D /* charleyrivers.jpg */,
				CE066C1B2456A43600ED1C0D /* turtlerock.jpg */,
				CE066C1C2456A43600ED1C0D /* silversalmoncreek.jpg */,
				CE066C1D2456A43600ED1C0D /* icybay.jpg */,
				CE066C1E2456A43600ED1C0D /* lakemcdonald.jpg */,
				CE066C1F2456A43600ED1C0D /* hiddenlake.jpg */,
				CE066C202456A43600ED1C0D /* twinlake.jpg */,
				CE066C212456A43600ED1C0D /* timeTable.pdf */,
				CE066C222456A43600ED1C0D /* umbagog.jpg */,
				CE066C242456A43600ED1C0D /* chincoteague.jpg */,
				CE066C252456A43600ED1C0D /* stmarylake.jpg */,
				CE066C262456A43600ED1C0D /* chilkoottrail.jpg */,
				CE066C272456A43600ED1C0D /* rainbowlake.jpg */,
			);
			path = oldFoto;
			sourceTree = "<group>";
		};
		E573155042573F7430EB4C1C /* LICENSE */ = {
			isa = PBXGroup;
			children = (
				8016A7122042026B58FF1299 /* LICENSE.txt */,
			);
			name = LICENSE;
			path = ../LICENSE;
			sourceTree = "<group>";
		};
/* End PBXGroup section */

/* Begin PBXNativeTarget section */
		B7394861229F194000C47603 /* Landmarks */ = {
			isa = PBXNativeTarget;
			buildConfigurationList = B7394876229F194200C47603 /* Build configuration list for PBXNativeTarget "Landmarks" */;
			buildPhases = (
				B739485E229F194000C47603 /* Sources */,
				B739485F229F194000C47603 /* Frameworks */,
				B7394860229F194000C47603 /* Resources */,
			);
			buildRules = (
			);
			dependencies = (
			);
			name = Landmarks;
			productName = Landmarks;
			productReference = B7394862229F194000C47603 /* Landmarks.app */;
			productType = "com.apple.product-type.application";
		};
/* End PBXNativeTarget section */

/* Begin PBXProject section */
		B739485A229F194000C47603 /* Project object */ = {
			isa = PBXProject;
			attributes = {
				LastSwiftUpdateCheck = 1100;
				LastUpgradeCheck = 1100;
				ORGANIZATIONNAME = Apple;
				TargetAttributes = {
					B7394861229F194000C47603 = {
						CreatedOnToolsVersion = 11.0;
					};
				};
			};
			buildConfigurationList = B739485D229F194000C47603 /* Build configuration list for PBXProject "HandlingUserInput" */;
			compatibilityVersion = "Xcode 9.3";
			developmentRegion = en;
			hasScannedForEncodings = 0;
			knownRegions = (
				en,
				Base,
			);
			mainGroup = B7394859229F194000C47603;
			productRefGroup = B7394863229F194000C47603 /* Products */;
			projectDirPath = "";
			projectRoot = "";
			targets = (
				B7394861229F194000C47603 /* Landmarks */,
			);
		};
/* End PBXProject section */

/* Begin PBXResourcesBuildPhase section */
		B7394860229F194000C47603 /* Resources */ = {
			isa = PBXResourcesBuildPhase;
			buildActionMask = 2147483647;
			files = (
				CE14D3C0246D373B00CC477F /* landmarkData2.json in Resources */,
				CE066C302456A43600ED1C0D /* umbagog.jpg in Resources */,
				B7394872229F194200C47603 /* LaunchScreen.storyboard in Resources */,
				B739486F229F194200C47603 /* Preview Assets.xcassets in Resources */,
				B739486C229F194200C47603 /* Assets.xcassets in Resources */,
				CE537FAE24596E7B00790F8C /* uspenskiPrihod.jpg in Resources */,
				CE066C312456A43600ED1C0D /* landmarkData.json in Resources */,
				CE066C2A2456A43600ED1C0D /* silversalmoncreek.jpg in Resources */,
				CE066C332456A43600ED1C0D /* stmarylake.jpg in Resources */,
				CE066C2F2456A43600ED1C0D /* timeTable.pdf in Resources */,
				CE066C282456A43600ED1C0D /* charleyrivers.jpg in Resources */,
				CE066C342456A43600ED1C0D /* chilkoottrail.jpg in Resources */,
				CE066C2B2456A43600ED1C0D /* icybay.jpg in Resources */,
				CE066C2E2456A43600ED1C0D /* twinlake.jpg in Resources */,
				CE066C322456A43600ED1C0D /* chincoteague.jpg in Resources */,
				CE066C2C2456A43600ED1C0D /* lakemcdonald.jpg in Resources */,
				CE066C2D2456A43600ED1C0D /* hiddenlake.jpg in Resources */,
				CE066C292456A43600ED1C0D /* turtlerock.jpg in Resources */,
				CE066C352456A43600ED1C0D /* rainbowlake.jpg in Resources */,
			);
			runOnlyForDeploymentPostprocessing = 0;
		};
/* End PBXResourcesBuildPhase section */

/* Begin PBXSourcesBuildPhase section */
		B739485E229F194000C47603 /* Sources */ = {
			isa = PBXSourcesBuildPhase;
			buildActionMask = 2147483647;
			files = (
				B7394882229F28B900C47603 /* Data.swift in Sources */,
				CE8E7632242CAEED0065DD08 /* PDFKitView.swift in Sources */,
				CE066C3C2456E40D00ED1C0D /* WebView.swift in Sources */,
				CE8E762C242B83760065DD08 /* TimetableView.swift in Sources */,
				B7394866229F194000C47603 /* AppDelegate.swift in Sources */,
				B739487A229F1B3F00C47603 /* CircleImage.swift in Sources */,
				CE537FB02463BCC000790F8C /* LandmarkDetail.swift in Sources */,
				B739487C229F1B6800C47603 /* MapView.swift in Sources */,
				B73948A1229F2E1F00C47603 /* LandmarkList.swift in Sources */,
				B7394868229F194000C47603 /* SceneDelegate.swift in Sources */,
				B739486A229F194000C47603 /* LandmarkDetailOLD.swift in Sources */,
				B739489F229F2D9700C47603 /* LandmarkRow.swift in Sources */,
				B7D2AAC5229F4D7C0061E5F5 /* UserData.swift in Sources */,
				B7394881229F28B900C47603 /* Landmark.swift in Sources */,
				CE4C0F4A2475555000A5ACAA /* CoreDataModel.xcdatamodeld in Sources */,
			);
			runOnlyForDeploymentPostprocessing = 0;
		};
/* End PBXSourcesBuildPhase section */

/* Begin PBXVariantGroup section */
		B7394870229F194200C47603 /* LaunchScreen.storyboard */ = {
			isa = PBXVariantGroup;
			children = (
				B7394871229F194200C47603 /* Base */,
			);
			name = LaunchScreen.storyboard;
			sourceTree = "<group>";
		};
/* End PBXVariantGroup section */

/* Begin XCBuildConfiguration section */
		B7394874229F194200C47603 /* Debug */ = {
			isa = XCBuildConfiguration;
			baseConfigurationReference = 6AF17FBC250C47AD4B5BC2FB /* SampleCode.xcconfig */;
			buildSettings = {
				ALWAYS_SEARCH_USER_PATHS = NO;
				CLANG_ANALYZER_NONNULL = YES;
				CLANG_ANALYZER_NUMBER_OBJECT_CONVERSION = YES_AGGRESSIVE;
				CLANG_CXX_LANGUAGE_STANDARD = "gnu++14";
				CLANG_CXX_LIBRARY = "libc++";
				CLANG_ENABLE_MODULES = YES;
				CLANG_ENABLE_OBJC_ARC = YES;
				CLANG_ENABLE_OBJC_WEAK = YES;
				CLANG_WARN_BLOCK_CAPTURE_AUTORELEASING = YES;
				CLANG_WARN_BOOL_CONVERSION = YES;
				CLANG_WARN_COMMA = YES;
				CLANG_WARN_CONSTANT_CONVERSION = YES;
				CLANG_WARN_DEPRECATED_OBJC_IMPLEMENTATIONS = YES;
				CLANG_WARN_DIRECT_OBJC_ISA_USAGE = YES_ERROR;
				CLANG_WARN_DOCUMENTATION_COMMENTS = YES;
				CLANG_WARN_EMPTY_BODY = YES;
				CLANG_WARN_ENUM_CONVERSION = YES;
				CLANG_WARN_INFINITE_RECURSION = YES;
				CLANG_WARN_INT_CONVERSION = YES;
				CLANG_WARN_NON_LITERAL_NULL_CONVERSION = YES;
				CLANG_WARN_OBJC_IMPLICIT_RETAIN_SELF = YES;
				CLANG_WARN_OBJC_LITERAL_CONVERSION = YES;
				CLANG_WARN_OBJC_ROOT_CLASS = YES_ERROR;
				CLANG_WARN_RANGE_LOOP_ANALYSIS = YES;
				CLANG_WARN_STRICT_PROTOTYPES = YES;
				CLANG_WARN_SUSPICIOUS_MOVE = YES;
				CLANG_WARN_UNGUARDED_AVAILABILITY = YES_AGGRESSIVE;
				CLANG_WARN_UNREACHABLE_CODE = YES;
				CLANG_WARN__DUPLICATE_METHOD_MATCH = YES;
				COPY_PHASE_STRIP = NO;
				DEBUG_INFORMATION_FORMAT = dwarf;
				ENABLE_STRICT_OBJC_MSGSEND = YES;
				ENABLE_TESTABILITY = YES;
				GCC_C_LANGUAGE_STANDARD = gnu11;
				GCC_DYNAMIC_NO_PIC = NO;
				GCC_NO_COMMON_BLOCKS = YES;
				GCC_OPTIMIZATION_LEVEL = 0;
				GCC_PREPROCESSOR_DEFINITIONS = (
					"DEBUG=1",
					"$(inherited)",
				);
				GCC_WARN_64_TO_32_BIT_CONVERSION = YES;
				GCC_WARN_ABOUT_RETURN_TYPE = YES_ERROR;
				GCC_WARN_UNDECLARED_SELECTOR = YES;
				GCC_WARN_UNINITIALIZED_AUTOS = YES_AGGRESSIVE;
				GCC_WARN_UNUSED_FUNCTION = YES;
				GCC_WARN_UNUSED_VARIABLE = YES;
				IPHONEOS_DEPLOYMENT_TARGET = 13.0;
				MTL_ENABLE_DEBUG_INFO = INCLUDE_SOURCE;
				MTL_FAST_MATH = YES;
				ONLY_ACTIVE_ARCH = YES;
				SDKROOT = iphoneos;
				SWIFT_ACTIVE_COMPILATION_CONDITIONS = DEBUG;
				SWIFT_OPTIMIZATION_LEVEL = "-Onone";
			};
			name = Debug;
		};
		B7394875229F194200C47603 /* Release */ = {
			isa = XCBuildConfiguration;
			baseConfigurationReference = 6AF17FBC250C47AD4B5BC2FB /* SampleCode.xcconfig */;
			buildSettings = {
				ALWAYS_SEARCH_USER_PATHS = NO;
				CLANG_ANALYZER_NONNULL = YES;
				CLANG_ANALYZER_NUMBER_OBJECT_CONVERSION = YES_AGGRESSIVE;
				CLANG_CXX_LANGUAGE_STANDARD = "gnu++14";
				CLANG_CXX_LIBRARY = "libc++";
				CLANG_ENABLE_MODULES = YES;
				CLANG_ENABLE_OBJC_ARC = YES;
				CLANG_ENABLE_OBJC_WEAK = YES;
				CLANG_WARN_BLOCK_CAPTURE_AUTORELEASING = YES;
				CLANG_WARN_BOOL_CONVERSION = YES;
				CLANG_WARN_COMMA = YES;
				CLANG_WARN_CONSTANT_CONVERSION = YES;
				CLANG_WARN_DEPRECATED_OBJC_IMPLEMENTATIONS = YES;
				CLANG_WARN_DIRECT_OBJC_ISA_USAGE = YES_ERROR;
				CLANG_WARN_DOCUMENTATION_COMMENTS = YES;
				CLANG_WARN_EMPTY_BODY = YES;
				CLANG_WARN_ENUM_CONVERSION = YES;
				CLANG_WARN_INFINITE_RECURSION = YES;
				CLANG_WARN_INT_CONVERSION = YES;
				CLANG_WARN_NON_LITERAL_NULL_CONVERSION = YES;
				CLANG_WARN_OBJC_IMPLICIT_RETAIN_SELF = YES;
				CLANG_WARN_OBJC_LITERAL_CONVERSION = YES;
				CLANG_WARN_OBJC_ROOT_CLASS = YES_ERROR;
				CLANG_WARN_RANGE_LOOP_ANALYSIS = YES;
				CLANG_WARN_STRICT_PROTOTYPES = YES;
				CLANG_WARN_SUSPICIOUS_MOVE = YES;
				CLANG_WARN_UNGUARDED_AVAILABILITY = YES_AGGRESSIVE;
				CLANG_WARN_UNREACHABLE_CODE = YES;
				CLANG_WARN__DUPLICATE_METHOD_MATCH = YES;
				COPY_PHASE_STRIP = NO;
				DEBUG_INFORMATION_FORMAT = "dwarf-with-dsym";
				ENABLE_NS_ASSERTIONS = NO;
				ENABLE_STRICT_OBJC_MSGSEND = YES;
				GCC_C_LANGUAGE_STANDARD = gnu11;
				GCC_NO_COMMON_BLOCKS = YES;
				GCC_WARN_64_TO_32_BIT_CONVERSION = YES;
				GCC_WARN_ABOUT_RETURN_TYPE = YES_ERROR;
				GCC_WARN_UNDECLARED_SELECTOR = YES;
				GCC_WARN_UNINITIALIZED_AUTOS = YES_AGGRESSIVE;
				GCC_WARN_UNUSED_FUNCTION = YES;
				GCC_WARN_UNUSED_VARIABLE = YES;
				IPHONEOS_DEPLOYMENT_TARGET = 13.0;
				MTL_ENABLE_DEBUG_INFO = NO;
				MTL_FAST_MATH = YES;
				SDKROOT = iphoneos;
				SWIFT_COMPILATION_MODE = wholemodule;
				SWIFT_OPTIMIZATION_LEVEL = "-O";
				VALIDATE_PRODUCT = YES;
			};
			name = Release;
		};
		B7394877229F194200C47603 /* Debug */ = {
			isa = XCBuildConfiguration;
			baseConfigurationReference = 6AF17FBC250C47AD4B5BC2FB /* SampleCode.xcconfig */;
			buildSettings = {
				ASSETCATALOG_COMPILER_APPICON_NAME = AppIcon;
				CODE_SIGN_STYLE = Automatic;
				DEVELOPMENT_ASSET_PATHS = "Landmarks/Preview\\ Content";
				DEVELOPMENT_TEAM = GS96V2X2Y2;
				ENABLE_PREVIEWS = YES;
				INFOPLIST_FILE = Landmarks/Info.plist;
				LD_RUNPATH_SEARCH_PATHS = (
					"$(inherited)",
					"@executable_path/Frameworks",
				);
				PRODUCT_BUNDLE_IDENTIFIER = "com.example.apple-samplecode.Landmarks${SAMPLE_CODE_DISAMBIGUATOR}";
				PRODUCT_NAME = "$(TARGET_NAME)";
				PROVISIONING_PROFILE_SPECIFIER = "";
				SWIFT_VERSION = 5.0;
				TARGETED_DEVICE_FAMILY = "1,2";
			};
			name = Debug;
		};
		B7394878229F194200C47603 /* Release */ = {
			isa = XCBuildConfiguration;
			baseConfigurationReference = 6AF17FBC250C47AD4B5BC2FB /* SampleCode.xcconfig */;
			buildSettings = {
				ASSETCATALOG_COMPILER_APPICON_NAME = AppIcon;
				CODE_SIGN_STYLE = Automatic;
				DEVELOPMENT_ASSET_PATHS = "Landmarks/Preview\\ Content";
				DEVELOPMENT_TEAM = GS96V2X2Y2;
				ENABLE_PREVIEWS = YES;
				INFOPLIST_FILE = Landmarks/Info.plist;
				LD_RUNPATH_SEARCH_PATHS = (
					"$(inherited)",
					"@executable_path/Frameworks",
				);
				PRODUCT_BUNDLE_IDENTIFIER = "com.example.apple-samplecode.Landmarks${SAMPLE_CODE_DISAMBIGUATOR}";
				PRODUCT_NAME = "$(TARGET_NAME)";
				PROVISIONING_PROFILE_SPECIFIER = "";
				SWIFT_VERSION = 5.0;
				TARGETED_DEVICE_FAMILY = "1,2";
			};
			name = Release;
		};
/* End XCBuildConfiguration section */

/* Begin XCConfigurationList section */
		B739485D229F194000C47603 /* Build configuration list for PBXProject "HandlingUserInput" */ = {
			isa = XCConfigurationList;
			buildConfigurations = (
				B7394874229F194200C47603 /* Debug */,
				B7394875229F194200C47603 /* Release */,
			);
			defaultConfigurationIsVisible = 0;
			defaultConfigurationName = Release;
		};
		B7394876229F194200C47603 /* Build configuration list for PBXNativeTarget "Landmarks" */ = {
			isa = XCConfigurationList;
			buildConfigurations = (
				B7394877229F194200C47603 /* Debug */,
				B7394878229F194200C47603 /* Release */,
			);
			defaultConfigurationIsVisible = 0;
			defaultConfigurationName = Release;
		};
/* End XCConfigurationList section */

/* Begin XCVersionGroup section */
		CE4C0F482475555000A5ACAA /* CoreDataModel.xcdatamodeld */ = {
			isa = XCVersionGroup;
			children = (
				CE4C0F492475555000A5ACAA /* CoreDataModel.xcdatamodel */,
			);
			currentVersion = CE4C0F492475555000A5ACAA /* CoreDataModel.xcdatamodel */;
			path = CoreDataModel.xcdatamodeld;
			sourceTree = "<group>";
			versionGroupType = wrapper.xcdatamodel;
		};
/* End XCVersionGroup section */
	};
	rootObject = B739485A229F194000C47603 /* Project object */;
}
