// !$*UTF8*$!
{
	archiveVersion = 1;
	classes = {
	};
	objectVersion = 50;
	objects = {

/* Begin PBXBuildFile section */
		B7394866229F194000C47603 /* AppDelegate.swift in Sources */ = {isa = PBXBuildFile; fileRef = B7394865229F194000C47603 /* AppDelegate.swift */; };
		B7394868229F194000C47603 /* SceneDelegate.swift in Sources */ = {isa = PBXBuildFile; fileRef = B7394867229F194000C47603 /* SceneDelegate.swift */; };
		B739486C229F194200C47603 /* Assets.xcassets in Resources */ = {isa = PBXBuildFile; fileRef = B739486B229F194200C47603 /* Assets.xcassets */; };
		B739486F229F194200C47603 /* Preview Assets.xcassets in Resources */ = {isa = PBXBuildFile; fileRef = B739486E229F194200C47603 /* Preview Assets.xcassets */; };
		B7394872229F194200C47603 /* LaunchScreen.storyboard in Resources */ = {isa = PBXBuildFile; fileRef = B7394870229F194200C47603 /* LaunchScreen.storyboard */; };
		B739487A229F1B3F00C47603 /* CircleImage.swift in Sources */ = {isa = PBXBuildFile; fileRef = B7394879229F1B3F00C47603 /* CircleImage.swift */; };
		B739487C229F1B6800C47603 /* MapView.swift in Sources */ = {isa = PBXBuildFile; fileRef = B739487B229F1B6800C47603 /* MapView.swift */; };
		B7394881229F28B900C47603 /* Landmark.swift in Sources */ = {isa = PBXBuildFile; fileRef = B739487F229F28B900C47603 /* Landmark.swift */; };
		B7394882229F28B900C47603 /* Data.swift in Sources */ = {isa = PBXBuildFile; fileRef = B7394880229F28B900C47603 /* Data.swift */; };
		B739489F229F2D9700C47603 /* LandmarkRow.swift in Sources */ = {isa = PBXBuildFile; fileRef = B739489E229F2D9700C47603 /* LandmarkRow.swift */; };
		B73948A1229F2E1F00C47603 /* LandmarkList.swift in Sources */ = {isa = PBXBuildFile; fileRef = B73948A0229F2E1F00C47603 /* LandmarkList.swift */; };
		B7D2AAC5229F4D7C0061E5F5 /* UserData.swift in Sources */ = {isa = PBXBuildFile; fileRef = B7D2AAC4229F4D7C0061E5F5 /* UserData.swift */; };
		CE066C3C2456E40D00ED1C0D /* WebView.swift in Sources */ = {isa = PBXBuildFile; fileRef = CE066C3B2456E40D00ED1C0D /* WebView.swift */; };
		CE0D79002496426C00D6EE3E /* Default.jpg in Resources */ = {isa = PBXBuildFile; fileRef = CE0D78FF2496426C00D6EE3E /* Default.jpg */; };
		CE0D79022496433F00D6EE3E /* umbagog.jpg in Resources */ = {isa = PBXBuildFile; fileRef = CE0D79012496433F00D6EE3E /* umbagog.jpg */; };
		CE0D790F24B47AD100D6EE3E /* VladimiraMonetniy.jpg in Resources */ = {isa = PBXBuildFile; fileRef = CE0D790824B47AD100D6EE3E /* VladimiraMonetniy.jpg */; };
		CE0D791024B47AD100D6EE3E /* PokrovaSarapulka.jpg in Resources */ = {isa = PBXBuildFile; fileRef = CE0D790924B47AD100D6EE3E /* PokrovaSarapulka.jpg */; };
		CE0D791124B47AD100D6EE3E /* IoanaVoina.jpg in Resources */ = {isa = PBXBuildFile; fileRef = CE0D790A24B47AD100D6EE3E /* IoanaVoina.jpg */; };
		CE0D791224B47AD100D6EE3E /* VsehSviatih.jpg in Resources */ = {isa = PBXBuildFile; fileRef = CE0D790B24B47AD100D6EE3E /* VsehSviatih.jpg */; };
		CE0D791324B47AD100D6EE3E /* DefaultPhoto.jpg in Resources */ = {isa = PBXBuildFile; fileRef = CE0D790C24B47AD100D6EE3E /* DefaultPhoto.jpg */; };
		CE0D791424B47AD100D6EE3E /* UspeniaVP.jpg in Resources */ = {isa = PBXBuildFile; fileRef = CE0D790D24B47AD100D6EE3E /* UspeniaVP.jpg */; };
		CE0D791524B47AD100D6EE3E /* NikolaStanovaia.jpg in Resources */ = {isa = PBXBuildFile; fileRef = CE0D790E24B47AD100D6EE3E /* NikolaStanovaia.jpg */; };
		CE4C0F4A2475555000A5ACAA /* CoreDataModel.xcdatamodeld in Sources */ = {isa = PBXBuildFile; fileRef = CE4C0F482475555000A5ACAA /* CoreDataModel.xcdatamodeld */; };
		CE537FB02463BCC000790F8C /* LandmarkDetail.swift in Sources */ = {isa = PBXBuildFile; fileRef = CE537FAF2463BCC000790F8C /* LandmarkDetail.swift */; };
		CE81674024F7DA4F00EA6938 /* landmarkData3.json in Resources */ = {isa = PBXBuildFile; fileRef = CE81673F24F7DA4F00EA6938 /* landmarkData3.json */; };
		CE8167852502150000EA6938 /* UspenskiVIZ.jpg in Resources */ = {isa = PBXBuildFile; fileRef = CE8167832502150000EA6938 /* UspenskiVIZ.jpg */; };
		CE8167862502150000EA6938 /* VerhoturieSimeon.jpg in Resources */ = {isa = PBXBuildFile; fileRef = CE8167842502150000EA6938 /* VerhoturieSimeon.jpg */; };
		CE81678B250243CD00EA6938 /* BlagoFavoritView.swift in Sources */ = {isa = PBXBuildFile; fileRef = CE81678A250243CD00EA6938 /* BlagoFavoritView.swift */; };
		CE81678F2502555800EA6938 /* Koltsovo.jpg in Resources */ = {isa = PBXBuildFile; fileRef = CE81678E2502555800EA6938 /* Koltsovo.jpg */; };
		CE816791250256D300EA6938 /* GaninaYama.jpg in Resources */ = {isa = PBXBuildFile; fileRef = CE816790250256D300EA6938 /* GaninaYama.jpg */; };
		CE8167D32508ABFC00EA6938 /* Kurganovo.jpg in Resources */ = {isa = PBXBuildFile; fileRef = CE8167D22508ABFC00EA6938 /* Kurganovo.jpg */; };
		CE8167D7250A056700EA6938 /* AleksandraNevskogo.jpg in Resources */ = {isa = PBXBuildFile; fileRef = CE8167D4250A056600EA6938 /* AleksandraNevskogo.jpg */; };
		CE8167D8250A056700EA6938 /* HramNaKrovi.jpg in Resources */ = {isa = PBXBuildFile; fileRef = CE8167D5250A056700EA6938 /* HramNaKrovi.jpg */; };
		CE8167D9250A056700EA6938 /* TroitskiySobor.jpg in Resources */ = {isa = PBXBuildFile; fileRef = CE8167D6250A056700EA6938 /* TroitskiySobor.jpg */; };
		CE83FD8524E264F9000DF202 /* Sretenie.jpg in Resources */ = {isa = PBXBuildFile; fileRef = CE83FD8424E264F9000DF202 /* Sretenie.jpg */; };
		CE8E762C242B83760065DD08 /* TimetableView.swift in Sources */ = {isa = PBXBuildFile; fileRef = CE8E762B242B83760065DD08 /* TimetableView.swift */; };
		CE8E7632242CAEED0065DD08 /* PDFKitView.swift in Sources */ = {isa = PBXBuildFile; fileRef = CE8E7631242CAEED0065DD08 /* PDFKitView.swift */; };
		CEA0A45F248E493E00988E23 /* Stars+CoreDataClass.swift in Sources */ = {isa = PBXBuildFile; fileRef = CEA0A45D248E493E00988E23 /* Stars+CoreDataClass.swift */; };
		CEA0A460248E493E00988E23 /* Stars+CoreDataProperties.swift in Sources */ = {isa = PBXBuildFile; fileRef = CEA0A45E248E493E00988E23 /* Stars+CoreDataProperties.swift */; };
		CEA4D83B24C6AFCB00BCDE04 /* ButtonRefresh.swift in Sources */ = {isa = PBXBuildFile; fileRef = CEA4D83A24C6AFCB00BCDE04 /* ButtonRefresh.swift */; };
		CEB67CBC249641DB0046CF0D /* uspenskiPrihod.jpg in Resources */ = {isa = PBXBuildFile; fileRef = CEB67CB9249641DB0046CF0D /* uspenskiPrihod.jpg */; };
		CECBCB7924BECE29007947C5 /* FooterView.swift in Sources */ = {isa = PBXBuildFile; fileRef = CECBCB7824BECE29007947C5 /* FooterView.swift */; };
/* End PBXBuildFile section */

/* Begin PBXFileReference section */
		6AF17FBC250C47AD4B5BC2FB /* SampleCode.xcconfig */ = {isa = PBXFileReference; lastKnownFileType = text.xcconfig; name = SampleCode.xcconfig; path = ../Configuration/SampleCode.xcconfig; sourceTree = "<group>"; };
		8016A7122042026B58FF1299 /* LICENSE.txt */ = {isa = PBXFileReference; includeInIndex = 1; lastKnownFileType = text; path = LICENSE.txt; sourceTree = "<group>"; };
		B7394862229F194000C47603 /* TimeTableChurch.app */ = {isa = PBXFileReference; explicitFileType = wrapper.application; includeInIndex = 0; path = TimeTableChurch.app; sourceTree = BUILT_PRODUCTS_DIR; };
		B7394865229F194000C47603 /* AppDelegate.swift */ = {isa = PBXFileReference; lastKnownFileType = sourcecode.swift; path = AppDelegate.swift; sourceTree = "<group>"; };
		B7394867229F194000C47603 /* SceneDelegate.swift */ = {isa = PBXFileReference; lastKnownFileType = sourcecode.swift; path = SceneDelegate.swift; sourceTree = "<group>"; };
		B739486B229F194200C47603 /* Assets.xcassets */ = {isa = PBXFileReference; lastKnownFileType = folder.assetcatalog; path = Assets.xcassets; sourceTree = "<group>"; };
		B739486E229F194200C47603 /* Preview Assets.xcassets */ = {isa = PBXFileReference; lastKnownFileType = folder.assetcatalog; path = "Preview Assets.xcassets"; sourceTree = "<group>"; };
		B7394871229F194200C47603 /* Base */ = {isa = PBXFileReference; lastKnownFileType = file.storyboard; name = Base; path = Base.lproj/LaunchScreen.storyboard; sourceTree = "<group>"; };
		B7394873229F194200C47603 /* Info.plist */ = {isa = PBXFileReference; lastKnownFileType = text.plist.xml; path = Info.plist; sourceTree = "<group>"; };
		B7394879229F1B3F00C47603 /* CircleImage.swift */ = {isa = PBXFileReference; lastKnownFileType = sourcecode.swift; path = CircleImage.swift; sourceTree = "<group>"; };
		B739487B229F1B6800C47603 /* MapView.swift */ = {isa = PBXFileReference; lastKnownFileType = sourcecode.swift; path = MapView.swift; sourceTree = "<group>"; };
		B739487F229F28B900C47603 /* Landmark.swift */ = {isa = PBXFileReference; fileEncoding = 4; lastKnownFileType = sourcecode.swift; path = Landmark.swift; sourceTree = "<group>"; };
		B7394880229F28B900C47603 /* Data.swift */ = {isa = PBXFileReference; fileEncoding = 4; lastKnownFileType = sourcecode.swift; path = Data.swift; sourceTree = "<group>"; };
		B739489E229F2D9700C47603 /* LandmarkRow.swift */ = {isa = PBXFileReference; lastKnownFileType = sourcecode.swift; name = LandmarkRow.swift; path = "Supporting Views/LandmarkRow.swift"; sourceTree = "<group>"; };
		B73948A0229F2E1F00C47603 /* LandmarkList.swift */ = {isa = PBXFileReference; lastKnownFileType = sourcecode.swift; path = LandmarkList.swift; sourceTree = "<group>"; };
		B7D2AAC4229F4D7C0061E5F5 /* UserData.swift */ = {isa = PBXFileReference; lastKnownFileType = sourcecode.swift; path = UserData.swift; sourceTree = "<group>"; };
		C4E4AAA0C4E4035000000001 /* README.md */ = {isa = PBXFileReference; lastKnownFileType = net.daringfireball.markdown; name = README.md; path = ../README.md; sourceTree = "<group>"; };
		CE066C3B2456E40D00ED1C0D /* WebView.swift */ = {isa = PBXFileReference; lastKnownFileType = sourcecode.swift; path = WebView.swift; sourceTree = "<group>"; };
		CE0D78FF2496426C00D6EE3E /* Default.jpg */ = {isa = PBXFileReference; lastKnownFileType = image.jpeg; path = Default.jpg; sourceTree = "<group>"; };
		CE0D79012496433F00D6EE3E /* umbagog.jpg */ = {isa = PBXFileReference; lastKnownFileType = image.jpeg; path = umbagog.jpg; sourceTree = "<group>"; };
		CE0D790824B47AD100D6EE3E /* VladimiraMonetniy.jpg */ = {isa = PBXFileReference; lastKnownFileType = image.jpeg; path = VladimiraMonetniy.jpg; sourceTree = "<group>"; };
		CE0D790924B47AD100D6EE3E /* PokrovaSarapulka.jpg */ = {isa = PBXFileReference; lastKnownFileType = image.jpeg; path = PokrovaSarapulka.jpg; sourceTree = "<group>"; };
		CE0D790A24B47AD100D6EE3E /* IoanaVoina.jpg */ = {isa = PBXFileReference; lastKnownFileType = image.jpeg; path = IoanaVoina.jpg; sourceTree = "<group>"; };
		CE0D790B24B47AD100D6EE3E /* VsehSviatih.jpg */ = {isa = PBXFileReference; lastKnownFileType = image.jpeg; path = VsehSviatih.jpg; sourceTree = "<group>"; };
		CE0D790C24B47AD100D6EE3E /* DefaultPhoto.jpg */ = {isa = PBXFileReference; lastKnownFileType = image.jpeg; path = DefaultPhoto.jpg; sourceTree = "<group>"; };
		CE0D790D24B47AD100D6EE3E /* UspeniaVP.jpg */ = {isa = PBXFileReference; lastKnownFileType = image.jpeg; path = UspeniaVP.jpg; sourceTree = "<group>"; };
		CE0D790E24B47AD100D6EE3E /* NikolaStanovaia.jpg */ = {isa = PBXFileReference; lastKnownFileType = image.jpeg; path = NikolaStanovaia.jpg; sourceTree = "<group>"; };
		CE4C0F492475555000A5ACAA /* CoreDataModel.xcdatamodel */ = {isa = PBXFileReference; lastKnownFileType = wrapper.xcdatamodel; path = CoreDataModel.xcdatamodel; sourceTree = "<group>"; };
		CE537FAF2463BCC000790F8C /* LandmarkDetail.swift */ = {isa = PBXFileReference; lastKnownFileType = sourcecode.swift; path = LandmarkDetail.swift; sourceTree = "<group>"; };
		CE81673F24F7DA4F00EA6938 /* landmarkData3.json */ = {isa = PBXFileReference; fileEncoding = 4; lastKnownFileType = text.json; path = landmarkData3.json; sourceTree = "<group>"; };
		CE8167832502150000EA6938 /* UspenskiVIZ.jpg */ = {isa = PBXFileReference; lastKnownFileType = image.jpeg; path = UspenskiVIZ.jpg; sourceTree = "<group>"; };
		CE8167842502150000EA6938 /* VerhoturieSimeon.jpg */ = {isa = PBXFileReference; lastKnownFileType = image.jpeg; path = VerhoturieSimeon.jpg; sourceTree = "<group>"; };
		CE81678A250243CD00EA6938 /* BlagoFavoritView.swift */ = {isa = PBXFileReference; lastKnownFileType = sourcecode.swift; path = BlagoFavoritView.swift; sourceTree = "<group>"; };
		CE81678E2502555800EA6938 /* Koltsovo.jpg */ = {isa = PBXFileReference; lastKnownFileType = image.jpeg; path = Koltsovo.jpg; sourceTree = "<group>"; };
		CE816790250256D300EA6938 /* GaninaYama.jpg */ = {isa = PBXFileReference; lastKnownFileType = image.jpeg; path = GaninaYama.jpg; sourceTree = "<group>"; };
		CE8167D22508ABFC00EA6938 /* Kurganovo.jpg */ = {isa = PBXFileReference; lastKnownFileType = image.jpeg; path = Kurganovo.jpg; sourceTree = "<group>"; };
		CE8167D4250A056600EA6938 /* AleksandraNevskogo.jpg */ = {isa = PBXFileReference; lastKnownFileType = image.jpeg; path = AleksandraNevskogo.jpg; sourceTree = "<group>"; };
		CE8167D5250A056700EA6938 /* HramNaKrovi.jpg */ = {isa = PBXFileReference; lastKnownFileType = image.jpeg; path = HramNaKrovi.jpg; sourceTree = "<group>"; };
		CE8167D6250A056700EA6938 /* TroitskiySobor.jpg */ = {isa = PBXFileReference; lastKnownFileType = image.jpeg; path = TroitskiySobor.jpg; sourceTree = "<group>"; };
		CE83FD6E24E2641B000DF202 /* Icon.png */ = {isa = PBXFileReference; lastKnownFileType = image.png; name = Icon.png; path = icons/Icon.png; sourceTree = SOURCE_ROOT; };
		CE83FD6F24E2641B000DF202 /* Icon-Small-50@2x.png */ = {isa = PBXFileReference; lastKnownFileType = image.png; name = "Icon-Small-50@2x.png"; path = "icons/Icon-Small-50@2x.png"; sourceTree = SOURCE_ROOT; };
		CE83FD7024E2641B000DF202 /* Icon-Small.png */ = {isa = PBXFileReference; lastKnownFileType = image.png; name = "Icon-Small.png"; path = "icons/Icon-Small.png"; sourceTree = SOURCE_ROOT; };
		CE83FD7124E2641C000DF202 /* Icon-Spotlight-40@2x.png */ = {isa = PBXFileReference; lastKnownFileType = image.png; name = "Icon-Spotlight-40@2x.png"; path = "icons/Icon-Spotlight-40@2x.png"; sourceTree = SOURCE_ROOT; };
		CE83FD7224E2641C000DF202 /* Icon-76@2x.png */ = {isa = PBXFileReference; lastKnownFileType = image.png; name = "Icon-76@2x.png"; path = "icons/Icon-76@2x.png"; sourceTree = SOURCE_ROOT; };
		CE83FD7324E2641C000DF202 /* Icon-60@3x.png */ = {isa = PBXFileReference; lastKnownFileType = image.png; name = "Icon-60@3x.png"; path = "icons/Icon-60@3x.png"; sourceTree = SOURCE_ROOT; };
		CE83FD7424E2641C000DF202 /* iTunesArtwork@2x */ = {isa = PBXFileReference; lastKnownFileType = text; name = "iTunesArtwork@2x"; path = "icons/iTunesArtwork@2x"; sourceTree = SOURCE_ROOT; };
		CE83FD7524E2641C000DF202 /* Icon-iPadPro@2x.png */ = {isa = PBXFileReference; lastKnownFileType = image.png; name = "Icon-iPadPro@2x.png"; path = "icons/Icon-iPadPro@2x.png"; sourceTree = SOURCE_ROOT; };
		CE83FD7624E2641C000DF202 /* Icon-72@2x.png */ = {isa = PBXFileReference; lastKnownFileType = image.png; name = "Icon-72@2x.png"; path = "icons/Icon-72@2x.png"; sourceTree = SOURCE_ROOT; };
		CE83FD7724E2641C000DF202 /* Icon-60.png */ = {isa = PBXFileReference; lastKnownFileType = image.png; name = "Icon-60.png"; path = "icons/Icon-60.png"; sourceTree = SOURCE_ROOT; };
		CE83FD7824E2641C000DF202 /* Icon-Small@2x.png */ = {isa = PBXFileReference; lastKnownFileType = image.png; name = "Icon-Small@2x.png"; path = "icons/Icon-Small@2x.png"; sourceTree = SOURCE_ROOT; };
		CE83FD7924E2641C000DF202 /* Icon-Small@3x.png */ = {isa = PBXFileReference; lastKnownFileType = image.png; name = "Icon-Small@3x.png"; path = "icons/Icon-Small@3x.png"; sourceTree = SOURCE_ROOT; };
		CE83FD7A24E2641C000DF202 /* Icon-76@3x.png */ = {isa = PBXFileReference; lastKnownFileType = image.png; name = "Icon-76@3x.png"; path = "icons/Icon-76@3x.png"; sourceTree = SOURCE_ROOT; };
		CE83FD7B24E2641D000DF202 /* Icon-Spotlight-40@3x.png */ = {isa = PBXFileReference; lastKnownFileType = image.png; name = "Icon-Spotlight-40@3x.png"; path = "icons/Icon-Spotlight-40@3x.png"; sourceTree = SOURCE_ROOT; };
		CE83FD7C24E2641D000DF202 /* Icon@2x.png */ = {isa = PBXFileReference; lastKnownFileType = image.png; name = "Icon@2x.png"; path = "icons/Icon@2x.png"; sourceTree = SOURCE_ROOT; };
		CE83FD7D24E2641D000DF202 /* iTunesArtwork */ = {isa = PBXFileReference; lastKnownFileType = text; name = iTunesArtwork; path = icons/iTunesArtwork; sourceTree = SOURCE_ROOT; };
		CE83FD7E24E2641D000DF202 /* Icon-72.png */ = {isa = PBXFileReference; lastKnownFileType = image.png; name = "Icon-72.png"; path = "icons/Icon-72.png"; sourceTree = SOURCE_ROOT; };
		CE83FD7F24E2641D000DF202 /* Icon-Small-50.png */ = {isa = PBXFileReference; lastKnownFileType = image.png; name = "Icon-Small-50.png"; path = "icons/Icon-Small-50.png"; sourceTree = SOURCE_ROOT; };
		CE83FD8024E2641D000DF202 /* Icon-60@2x.png */ = {isa = PBXFileReference; lastKnownFileType = image.png; name = "Icon-60@2x.png"; path = "icons/Icon-60@2x.png"; sourceTree = SOURCE_ROOT; };
		CE83FD8124E2641D000DF202 /* Icon-Spotlight-40.png */ = {isa = PBXFileReference; lastKnownFileType = image.png; name = "Icon-Spotlight-40.png"; path = "icons/Icon-Spotlight-40.png"; sourceTree = SOURCE_ROOT; };
		CE83FD8424E264F9000DF202 /* Sretenie.jpg */ = {isa = PBXFileReference; lastKnownFileType = image.jpeg; path = Sretenie.jpg; sourceTree = "<group>"; };
		CE8E762B242B83760065DD08 /* TimetableView.swift */ = {isa = PBXFileReference; lastKnownFileType = sourcecode.swift; path = TimetableView.swift; sourceTree = "<group>"; };
		CE8E7631242CAEED0065DD08 /* PDFKitView.swift */ = {isa = PBXFileReference; lastKnownFileType = sourcecode.swift; path = PDFKitView.swift; sourceTree = "<group>"; };
		CEA0A45D248E493E00988E23 /* Stars+CoreDataClass.swift */ = {isa = PBXFileReference; lastKnownFileType = sourcecode.swift; path = "Stars+CoreDataClass.swift"; sourceTree = "<group>"; };
		CEA0A45E248E493E00988E23 /* Stars+CoreDataProperties.swift */ = {isa = PBXFileReference; lastKnownFileType = sourcecode.swift; path = "Stars+CoreDataProperties.swift"; sourceTree = "<group>"; };
		CEA4D83A24C6AFCB00BCDE04 /* ButtonRefresh.swift */ = {isa = PBXFileReference; lastKnownFileType = sourcecode.swift; path = ButtonRefresh.swift; sourceTree = "<group>"; };
		CEB67CB9249641DB0046CF0D /* uspenskiPrihod.jpg */ = {isa = PBXFileReference; lastKnownFileType = image.jpeg; path = uspenskiPrihod.jpg; sourceTree = "<group>"; };
		CECBCB7824BECE29007947C5 /* FooterView.swift */ = {isa = PBXFileReference; lastKnownFileType = sourcecode.swift; path = FooterView.swift; sourceTree = "<group>"; };
/* End PBXFileReference section */

/* Begin PBXFrameworksBuildPhase section */
		B739485F229F194000C47603 /* Frameworks */ = {
			isa = PBXFrameworksBuildPhase;
			buildActionMask = 2147483647;
			files = (
			);
			runOnlyForDeploymentPostprocessing = 0;
		};
/* End PBXFrameworksBuildPhase section */

/* Begin PBXGroup section */
		00ABA66E85532B385D477CBF /* Configuration */ = {
			isa = PBXGroup;
			children = (
				6AF17FBC250C47AD4B5BC2FB /* SampleCode.xcconfig */,
			);
			name = Configuration;
			sourceTree = "<group>";
		};
		B7394859229F194000C47603 = {
			isa = PBXGroup;
			children = (
				CEA0A45D248E493E00988E23 /* Stars+CoreDataClass.swift */,
				CEA0A45E248E493E00988E23 /* Stars+CoreDataProperties.swift */,
				C4E4AAA0C4E4035000000001 /* README.md */,
				B7394864229F194000C47603 /* Landmarks */,
				B7394863229F194000C47603 /* Products */,
				00ABA66E85532B385D477CBF /* Configuration */,
				E573155042573F7430EB4C1C /* LICENSE */,
			);
			sourceTree = "<group>";
		};
		B7394863229F194000C47603 /* Products */ = {
			isa = PBXGroup;
			children = (
				B7394862229F194000C47603 /* TimeTableChurch.app */,
			);
			name = Products;
			sourceTree = "<group>";
		};
		B7394864229F194000C47603 /* Landmarks */ = {
			isa = PBXGroup;
			children = (
				B7394865229F194000C47603 /* AppDelegate.swift */,
				B7394867229F194000C47603 /* SceneDelegate.swift */,
				CE066C192456A43600ED1C0D /* Resources */,
				B739487E229F282200C47603 /* Models */,
				B739487D229F1C0100C47603 /* Supporting Views */,
				B73948A0229F2E1F00C47603 /* LandmarkList.swift */,
				CE537FAF2463BCC000790F8C /* LandmarkDetail.swift */,
				CECBCB7824BECE29007947C5 /* FooterView.swift */,
				B739489E229F2D9700C47603 /* LandmarkRow.swift */,
				CE8E762B242B83760065DD08 /* TimetableView.swift */,
				B739486B229F194200C47603 /* Assets.xcassets */,
				B7394870229F194200C47603 /* LaunchScreen.storyboard */,
				B7394873229F194200C47603 /* Info.plist */,
				CE4C0F482475555000A5ACAA /* CoreDataModel.xcdatamodeld */,
				B739486D229F194200C47603 /* Preview Content */,
			);
			path = Landmarks;
			sourceTree = "<group>";
		};
		B739486D229F194200C47603 /* Preview Content */ = {
			isa = PBXGroup;
			children = (
				B739486E229F194200C47603 /* Preview Assets.xcassets */,
			);
			path = "Preview Content";
			sourceTree = "<group>";
		};
		B739487D229F1C0100C47603 /* Supporting Views */ = {
			isa = PBXGroup;
			children = (
				B7394879229F1B3F00C47603 /* CircleImage.swift */,
				B739487B229F1B6800C47603 /* MapView.swift */,
				CE8E7631242CAEED0065DD08 /* PDFKitView.swift */,
				CEA4D83A24C6AFCB00BCDE04 /* ButtonRefresh.swift */,
				CE066C3B2456E40D00ED1C0D /* WebView.swift */,
				CE81678A250243CD00EA6938 /* BlagoFavoritView.swift */,
			);
			path = "Supporting Views";
			sourceTree = "<group>";
		};
		B739487E229F282200C47603 /* Models */ = {
			isa = PBXGroup;
			children = (
				B7D2AAC4229F4D7C0061E5F5 /* UserData.swift */,
				B739487F229F28B900C47603 /* Landmark.swift */,
				B7394880229F28B900C47603 /* Data.swift */,
			);
			path = Models;
			sourceTree = "<group>";
		};
		CE066C192456A43600ED1C0D /* Resources */ = {
			isa = PBXGroup;
			children = (
				CE81673F24F7DA4F00EA6938 /* landmarkData3.json */,
				CE30C2F824C04DBB00FB5688 /* icons */,
				CE0D790724B45A8500D6EE3E /* Photo */,
			);
			name = Resources;
			path = "../../../../HandlingUserInput-1/Complete/Landmarks/Landmarks/Resources";
			sourceTree = "<group>";
		};
		CE0D790724B45A8500D6EE3E /* Photo */ = {
			isa = PBXGroup;
			children = (
				CE8167832502150000EA6938 /* UspenskiVIZ.jpg */,
				CE8167842502150000EA6938 /* VerhoturieSimeon.jpg */,
				CE83FD8424E264F9000DF202 /* Sretenie.jpg */,
				CEB67CB9249641DB0046CF0D /* uspenskiPrihod.jpg */,
				CE816790250256D300EA6938 /* GaninaYama.jpg */,
				CE81678E2502555800EA6938 /* Koltsovo.jpg */,
				CE8167D22508ABFC00EA6938 /* Kurganovo.jpg */,
				CE0D790C24B47AD100D6EE3E /* DefaultPhoto.jpg */,
				CE0D78FF2496426C00D6EE3E /* Default.jpg */,
				CE0D790A24B47AD100D6EE3E /* IoanaVoina.jpg */,
				CE0D790E24B47AD100D6EE3E /* NikolaStanovaia.jpg */,
				CE0D790924B47AD100D6EE3E /* PokrovaSarapulka.jpg */,
				CE0D79012496433F00D6EE3E /* umbagog.jpg */,
				CE0D790D24B47AD100D6EE3E /* UspeniaVP.jpg */,
				CE0D790824B47AD100D6EE3E /* VladimiraMonetniy.jpg */,
				CE0D790B24B47AD100D6EE3E /* VsehSviatih.jpg */,
				CE8167D4250A056600EA6938 /* AleksandraNevskogo.jpg */,
				CE8167D5250A056700EA6938 /* HramNaKrovi.jpg */,
				CE8167D6250A056700EA6938 /* TroitskiySobor.jpg */,
			);
			name = Photo;
			path = "../../../../../HandlingUserInput-1-2/Complete/Landmarks/Landmarks/Resources/Photo";
			sourceTree = "<group>";
		};
		CE30C2F824C04DBB00FB5688 /* icons */ = {
			isa = PBXGroup;
			children = (
				CE83FD7724E2641C000DF202 /* Icon-60.png */,
				CE83FD8024E2641D000DF202 /* Icon-60@2x.png */,
				CE83FD7324E2641C000DF202 /* Icon-60@3x.png */,
				CE83FD7E24E2641D000DF202 /* Icon-72.png */,
				CE83FD7624E2641C000DF202 /* Icon-72@2x.png */,
				CE83FD7224E2641C000DF202 /* Icon-76@2x.png */,
				CE83FD7A24E2641C000DF202 /* Icon-76@3x.png */,
				CE83FD7524E2641C000DF202 /* Icon-iPadPro@2x.png */,
				CE83FD7F24E2641D000DF202 /* Icon-Small-50.png */,
				CE83FD6F24E2641B000DF202 /* Icon-Small-50@2x.png */,
				CE83FD7024E2641B000DF202 /* Icon-Small.png */,
				CE83FD7824E2641C000DF202 /* Icon-Small@2x.png */,
				CE83FD7924E2641C000DF202 /* Icon-Small@3x.png */,
				CE83FD8124E2641D000DF202 /* Icon-Spotlight-40.png */,
				CE83FD7124E2641C000DF202 /* Icon-Spotlight-40@2x.png */,
				CE83FD7B24E2641D000DF202 /* Icon-Spotlight-40@3x.png */,
				CE83FD6E24E2641B000DF202 /* Icon.png */,
				CE83FD7C24E2641D000DF202 /* Icon@2x.png */,
				CE83FD7D24E2641D000DF202 /* iTunesArtwork */,
				CE83FD7424E2641C000DF202 /* iTunesArtwork@2x */,
			);
			path = icons;
			sourceTree = "<group>";
		};
		E573155042573F7430EB4C1C /* LICENSE */ = {
			isa = PBXGroup;
			children = (
				8016A7122042026B58FF1299 /* LICENSE.txt */,
			);
			name = LICENSE;
			path = ../LICENSE;
			sourceTree = "<group>";
		};
/* End PBXGroup section */

/* Begin PBXNativeTarget section */
		B7394861229F194000C47603 /* Расписание богослужений */ = {
			isa = PBXNativeTarget;
			buildConfigurationList = B7394876229F194200C47603 /* Build configuration list for PBXNativeTarget "Расписание богослужений" */;
			buildPhases = (
				B739485E229F194000C47603 /* Sources */,
				B739485F229F194000C47603 /* Frameworks */,
				B7394860229F194000C47603 /* Resources */,
			);
			buildRules = (
			);
			dependencies = (
			);
			name = "Расписание богослужений";
			productName = Landmarks;
			productReference = B7394862229F194000C47603 /* TimeTableChurch.app */;
			productType = "com.apple.product-type.application";
		};
/* End PBXNativeTarget section */

/* Begin PBXProject section */
		B739485A229F194000C47603 /* Project object */ = {
			isa = PBXProject;
			attributes = {
				LastSwiftUpdateCheck = 1100;
				LastUpgradeCheck = 1100;
				ORGANIZATIONNAME = Apple;
				TargetAttributes = {
					B7394861229F194000C47603 = {
						CreatedOnToolsVersion = 11.0;
					};
				};
			};
			buildConfigurationList = B739485D229F194000C47603 /* Build configuration list for PBXProject "TimeTableChirch" */;
			compatibilityVersion = "Xcode 9.3";
			developmentRegion = en;
			hasScannedForEncodings = 0;
			knownRegions = (
				en,
				Base,
			);
			mainGroup = B7394859229F194000C47603;
			productRefGroup = B7394863229F194000C47603 /* Products */;
			projectDirPath = "";
			projectRoot = "";
			targets = (
				B7394861229F194000C47603 /* Расписание богослужений */,
			);
		};
/* End PBXProject section */

/* Begin PBXResourcesBuildPhase section */
		B7394860229F194000C47603 /* Resources */ = {
			isa = PBXResourcesBuildPhase;
			buildActionMask = 2147483647;
			files = (
				B7394872229F194200C47603 /* LaunchScreen.storyboard in Resources */,
				CE0D790F24B47AD100D6EE3E /* VladimiraMonetniy.jpg in Resources */,
				CE0D791124B47AD100D6EE3E /* IoanaVoina.jpg in Resources */,
				CE0D791224B47AD100D6EE3E /* VsehSviatih.jpg in Resources */,
				CE8167862502150000EA6938 /* VerhoturieSimeon.jpg in Resources */,
				CEB67CBC249641DB0046CF0D /* uspenskiPrihod.jpg in Resources */,
				CE8167D7250A056700EA6938 /* AleksandraNevskogo.jpg in Resources */,
				CE0D791324B47AD100D6EE3E /* DefaultPhoto.jpg in Resources */,
				CE0D791524B47AD100D6EE3E /* NikolaStanovaia.jpg in Resources */,
				B739486F229F194200C47603 /* Preview Assets.xcassets in Resources */,
				CE0D791024B47AD100D6EE3E /* PokrovaSarapulka.jpg in Resources */,
				CE81678F2502555800EA6938 /* Koltsovo.jpg in Resources */,
				CE8167D8250A056700EA6938 /* HramNaKrovi.jpg in Resources */,
				CE8167852502150000EA6938 /* UspenskiVIZ.jpg in Resources */,
				CE81674024F7DA4F00EA6938 /* landmarkData3.json in Resources */,
				CE83FD8524E264F9000DF202 /* Sretenie.jpg in Resources */,
				CE816791250256D300EA6938 /* GaninaYama.jpg in Resources */,
				CE0D791424B47AD100D6EE3E /* UspeniaVP.jpg in Resources */,
				CE8167D32508ABFC00EA6938 /* Kurganovo.jpg in Resources */,
				CE8167D9250A056700EA6938 /* TroitskiySobor.jpg in Resources */,
				CE0D79022496433F00D6EE3E /* umbagog.jpg in Resources */,
				CE0D79002496426C00D6EE3E /* Default.jpg in Resources */,
				B739486C229F194200C47603 /* Assets.xcassets in Resources */,
			);
			runOnlyForDeploymentPostprocessing = 0;
		};
/* End PBXResourcesBuildPhase section */

/* Begin PBXSourcesBuildPhase section */
		B739485E229F194000C47603 /* Sources */ = {
			isa = PBXSourcesBuildPhase;
			buildActionMask = 2147483647;
			files = (
				B7394882229F28B900C47603 /* Data.swift in Sources */,
				CE8E7632242CAEED0065DD08 /* PDFKitView.swift in Sources */,
				CECBCB7924BECE29007947C5 /* FooterView.swift in Sources */,
				CE066C3C2456E40D00ED1C0D /* WebView.swift in Sources */,
				CE8E762C242B83760065DD08 /* TimetableView.swift in Sources */,
				B7394866229F194000C47603 /* AppDelegate.swift in Sources */,
				B739487A229F1B3F00C47603 /* CircleImage.swift in Sources */,
				CE81678B250243CD00EA6938 /* BlagoFavoritView.swift in Sources */,
				CE537FB02463BCC000790F8C /* LandmarkDetail.swift in Sources */,
				CEA0A45F248E493E00988E23 /* Stars+CoreDataClass.swift in Sources */,
				CEA4D83B24C6AFCB00BCDE04 /* ButtonRefresh.swift in Sources */,
				B739487C229F1B6800C47603 /* MapView.swift in Sources */,
				B73948A1229F2E1F00C47603 /* LandmarkList.swift in Sources */,
				B7394868229F194000C47603 /* SceneDelegate.swift in Sources */,
				CEA0A460248E493E00988E23 /* Stars+CoreDataProperties.swift in Sources */,
				B739489F229F2D9700C47603 /* LandmarkRow.swift in Sources */,
				B7D2AAC5229F4D7C0061E5F5 /* UserData.swift in Sources */,
				B7394881229F28B900C47603 /* Landmark.swift in Sources */,
				CE4C0F4A2475555000A5ACAA /* CoreDataModel.xcdatamodeld in Sources */,
			);
			runOnlyForDeploymentPostprocessing = 0;
		};
/* End PBXSourcesBuildPhase section */

/* Begin PBXVariantGroup section */
		B7394870229F194200C47603 /* LaunchScreen.storyboard */ = {
			isa = PBXVariantGroup;
			children = (
				B7394871229F194200C47603 /* Base */,
			);
			name = LaunchScreen.storyboard;
			sourceTree = "<group>";
		};
/* End PBXVariantGroup section */

/* Begin XCBuildConfiguration section */
		B7394874229F194200C47603 /* Debug */ = {
			isa = XCBuildConfiguration;
			baseConfigurationReference = 6AF17FBC250C47AD4B5BC2FB /* SampleCode.xcconfig */;
			buildSettings = {
				ALWAYS_SEARCH_USER_PATHS = NO;
				CLANG_ANALYZER_LOCALIZABILITY_NONLOCALIZED = YES;
				CLANG_ANALYZER_NONNULL = YES;
				CLANG_ANALYZER_NUMBER_OBJECT_CONVERSION = YES_AGGRESSIVE;
				CLANG_CXX_LANGUAGE_STANDARD = "gnu++14";
				CLANG_CXX_LIBRARY = "libc++";
				CLANG_ENABLE_MODULES = YES;
				CLANG_ENABLE_OBJC_ARC = YES;
				CLANG_ENABLE_OBJC_WEAK = YES;
				CLANG_WARN_BLOCK_CAPTURE_AUTORELEASING = YES;
				CLANG_WARN_BOOL_CONVERSION = YES;
				CLANG_WARN_COMMA = YES;
				CLANG_WARN_CONSTANT_CONVERSION = YES;
				CLANG_WARN_DEPRECATED_OBJC_IMPLEMENTATIONS = YES;
				CLANG_WARN_DIRECT_OBJC_ISA_USAGE = YES_ERROR;
				CLANG_WARN_DOCUMENTATION_COMMENTS = YES;
				CLANG_WARN_EMPTY_BODY = YES;
				CLANG_WARN_ENUM_CONVERSION = YES;
				CLANG_WARN_INFINITE_RECURSION = YES;
				CLANG_WARN_INT_CONVERSION = YES;
				CLANG_WARN_NON_LITERAL_NULL_CONVERSION = YES;
				CLANG_WARN_OBJC_IMPLICIT_RETAIN_SELF = YES;
				CLANG_WARN_OBJC_LITERAL_CONVERSION = YES;
				CLANG_WARN_OBJC_ROOT_CLASS = YES_ERROR;
				CLANG_WARN_RANGE_LOOP_ANALYSIS = YES;
				CLANG_WARN_STRICT_PROTOTYPES = YES;
				CLANG_WARN_SUSPICIOUS_MOVE = YES;
				CLANG_WARN_UNGUARDED_AVAILABILITY = YES_AGGRESSIVE;
				CLANG_WARN_UNREACHABLE_CODE = YES;
				CLANG_WARN__DUPLICATE_METHOD_MATCH = YES;
				COPY_PHASE_STRIP = NO;
				DEBUG_INFORMATION_FORMAT = dwarf;
				ENABLE_STRICT_OBJC_MSGSEND = YES;
				ENABLE_TESTABILITY = YES;
				GCC_C_LANGUAGE_STANDARD = gnu11;
				GCC_DYNAMIC_NO_PIC = NO;
				GCC_NO_COMMON_BLOCKS = YES;
				GCC_OPTIMIZATION_LEVEL = 0;
				GCC_PREPROCESSOR_DEFINITIONS = (
					"DEBUG=1",
					"$(inherited)",
				);
				GCC_WARN_64_TO_32_BIT_CONVERSION = YES;
				GCC_WARN_ABOUT_RETURN_TYPE = YES_ERROR;
				GCC_WARN_UNDECLARED_SELECTOR = YES;
				GCC_WARN_UNINITIALIZED_AUTOS = YES_AGGRESSIVE;
				GCC_WARN_UNUSED_FUNCTION = YES;
				GCC_WARN_UNUSED_VARIABLE = YES;
				IPHONEOS_DEPLOYMENT_TARGET = 13.0;
				MTL_ENABLE_DEBUG_INFO = INCLUDE_SOURCE;
				MTL_FAST_MATH = YES;
				ONLY_ACTIVE_ARCH = YES;
				SDKROOT = iphoneos;
				SWIFT_ACTIVE_COMPILATION_CONDITIONS = DEBUG;
				SWIFT_OPTIMIZATION_LEVEL = "-Onone";
			};
			name = Debug;
		};
		B7394875229F194200C47603 /* Release */ = {
			isa = XCBuildConfiguration;
			baseConfigurationReference = 6AF17FBC250C47AD4B5BC2FB /* SampleCode.xcconfig */;
			buildSettings = {
				ALWAYS_SEARCH_USER_PATHS = NO;
				CLANG_ANALYZER_LOCALIZABILITY_NONLOCALIZED = YES;
				CLANG_ANALYZER_NONNULL = YES;
				CLANG_ANALYZER_NUMBER_OBJECT_CONVERSION = YES_AGGRESSIVE;
				CLANG_CXX_LANGUAGE_STANDARD = "gnu++14";
				CLANG_CXX_LIBRARY = "libc++";
				CLANG_ENABLE_MODULES = YES;
				CLANG_ENABLE_OBJC_ARC = YES;
				CLANG_ENABLE_OBJC_WEAK = YES;
				CLANG_WARN_BLOCK_CAPTURE_AUTORELEASING = YES;
				CLANG_WARN_BOOL_CONVERSION = YES;
				CLANG_WARN_COMMA = YES;
				CLANG_WARN_CONSTANT_CONVERSION = YES;
				CLANG_WARN_DEPRECATED_OBJC_IMPLEMENTATIONS = YES;
				CLANG_WARN_DIRECT_OBJC_ISA_USAGE = YES_ERROR;
				CLANG_WARN_DOCUMENTATION_COMMENTS = YES;
				CLANG_WARN_EMPTY_BODY = YES;
				CLANG_WARN_ENUM_CONVERSION = YES;
				CLANG_WARN_INFINITE_RECURSION = YES;
				CLANG_WARN_INT_CONVERSION = YES;
				CLANG_WARN_NON_LITERAL_NULL_CONVERSION = YES;
				CLANG_WARN_OBJC_IMPLICIT_RETAIN_SELF = YES;
				CLANG_WARN_OBJC_LITERAL_CONVERSION = YES;
				CLANG_WARN_OBJC_ROOT_CLASS = YES_ERROR;
				CLANG_WARN_RANGE_LOOP_ANALYSIS = YES;
				CLANG_WARN_STRICT_PROTOTYPES = YES;
				CLANG_WARN_SUSPICIOUS_MOVE = YES;
				CLANG_WARN_UNGUARDED_AVAILABILITY = YES_AGGRESSIVE;
				CLANG_WARN_UNREACHABLE_CODE = YES;
				CLANG_WARN__DUPLICATE_METHOD_MATCH = YES;
				COPY_PHASE_STRIP = NO;
				DEBUG_INFORMATION_FORMAT = "dwarf-with-dsym";
				ENABLE_NS_ASSERTIONS = NO;
				ENABLE_STRICT_OBJC_MSGSEND = YES;
				GCC_C_LANGUAGE_STANDARD = gnu11;
				GCC_NO_COMMON_BLOCKS = YES;
				GCC_WARN_64_TO_32_BIT_CONVERSION = YES;
				GCC_WARN_ABOUT_RETURN_TYPE = YES_ERROR;
				GCC_WARN_UNDECLARED_SELECTOR = YES;
				GCC_WARN_UNINITIALIZED_AUTOS = YES_AGGRESSIVE;
				GCC_WARN_UNUSED_FUNCTION = YES;
				GCC_WARN_UNUSED_VARIABLE = YES;
				IPHONEOS_DEPLOYMENT_TARGET = 13.0;
				MTL_ENABLE_DEBUG_INFO = NO;
				MTL_FAST_MATH = YES;
				SDKROOT = iphoneos;
				SWIFT_COMPILATION_MODE = wholemodule;
				SWIFT_OPTIMIZATION_LEVEL = "-O";
				VALIDATE_PRODUCT = YES;
			};
			name = Release;
		};
		B7394877229F194200C47603 /* Debug */ = {
			isa = XCBuildConfiguration;
			baseConfigurationReference = 6AF17FBC250C47AD4B5BC2FB /* SampleCode.xcconfig */;
			buildSettings = {
				ASSETCATALOG_COMPILER_APPICON_NAME = AppIcon;
				CODE_SIGN_IDENTITY = "iPhone Developer";
				CODE_SIGN_STYLE = Automatic;
				CURRENT_PROJECT_VERSION = 2;
				DEVELOPMENT_ASSET_PATHS = "Landmarks/Preview\\ Content";
				DEVELOPMENT_TEAM = GS96V2X2Y2;
				ENABLE_PREVIEWS = YES;
				INFOPLIST_FILE = Landmarks/Info.plist;
				LD_RUNPATH_SEARCH_PATHS = (
					"$(inherited)",
					"@executable_path/Frameworks",
				);
				MARKETING_VERSION = 1.1;
				PRODUCT_BUNDLE_IDENTIFIER = com.ilchuk.timeTableChirch;
				PRODUCT_NAME = TimeTableChurch;
				PROVISIONING_PROFILE_SPECIFIER = "";
				SWIFT_VERSION = 5.0;
				TARGETED_DEVICE_FAMILY = 1;
			};
			name = Debug;
		};
		B7394878229F194200C47603 /* Release */ = {
			isa = XCBuildConfiguration;
			baseConfigurationReference = 6AF17FBC250C47AD4B5BC2FB /* SampleCode.xcconfig */;
			buildSettings = {
				ASSETCATALOG_COMPILER_APPICON_NAME = AppIcon;
				CODE_SIGN_IDENTITY = "iPhone Developer";
				CODE_SIGN_STYLE = Automatic;
				CURRENT_PROJECT_VERSION = 2;
				DEVELOPMENT_ASSET_PATHS = "Landmarks/Preview\\ Content";
				DEVELOPMENT_TEAM = GS96V2X2Y2;
				ENABLE_PREVIEWS = YES;
				INFOPLIST_FILE = Landmarks/Info.plist;
				LD_RUNPATH_SEARCH_PATHS = (
					"$(inherited)",
					"@executable_path/Frameworks",
				);
				MARKETING_VERSION = 1.1;
				PRODUCT_BUNDLE_IDENTIFIER = com.ilchuk.timeTableChirch;
				PRODUCT_NAME = TimeTableChurch;
				PROVISIONING_PROFILE_SPECIFIER = "";
				SWIFT_VERSION = 5.0;
				TARGETED_DEVICE_FAMILY = 1;
			};
			name = Release;
		};
/* End XCBuildConfiguration section */

/* Begin XCConfigurationList section */
		B739485D229F194000C47603 /* Build configuration list for PBXProject "TimeTableChirch" */ = {
			isa = XCConfigurationList;
			buildConfigurations = (
				B7394874229F194200C47603 /* Debug */,
				B7394875229F194200C47603 /* Release */,
			);
			defaultConfigurationIsVisible = 0;
			defaultConfigurationName = Release;
		};
		B7394876229F194200C47603 /* Build configuration list for PBXNativeTarget "Расписание богослужений" */ = {
			isa = XCConfigurationList;
			buildConfigurations = (
				B7394877229F194200C47603 /* Debug */,
				B7394878229F194200C47603 /* Release */,
			);
			defaultConfigurationIsVisible = 0;
			defaultConfigurationName = Release;
		};
/* End XCConfigurationList section */

/* Begin XCVersionGroup section */
		CE4C0F482475555000A5ACAA /* CoreDataModel.xcdatamodeld */ = {
			isa = XCVersionGroup;
			children = (
				CE4C0F492475555000A5ACAA /* CoreDataModel.xcdatamodel */,
			);
			currentVersion = CE4C0F492475555000A5ACAA /* CoreDataModel.xcdatamodel */;
			path = CoreDataModel.xcdatamodeld;
			sourceTree = "<group>";
			versionGroupType = wrapper.xcdatamodel;
		};
/* End XCVersionGroup section */
	};
	rootObject = B739485A229F194000C47603 /* Project object */;
}
